<?xml version="1.0" encoding="utf-8"?>
<Project ToolsVersion="4.0" xmlns="http://schemas.microsoft.com/developer/msbuild/2003">
  <ItemGroup>
    <Filter Include="Source Files">
      <UniqueIdentifier>{4FC737F1-C7A5-4376-A066-2A32D752A2FF}</UniqueIdentifier>
      <Extensions>cpp;c;cc;cxx;c++;cppm;ixx;def;odl;idl;hpj;bat;asm;asmx</Extensions>
    </Filter>
    <Filter Include="Header Files">
      <UniqueIdentifier>{93995380-89BD-4b04-88EB-625FBE52EBFB}</UniqueIdentifier>
      <Extensions>h;hh;hpp;hxx;h++;hm;inl;inc;ipp;xsd</Extensions>
    </Filter>
    <Filter Include="Resource Files">
      <UniqueIdentifier>{67DA6AB6-F800-4c08-8B7A-83BB121AAD01}</UniqueIdentifier>
      <Extensions>rc;ico;cur;bmp;dlg;rc2;rct;bin;rgs;gif;jpg;jpeg;jpe;resx;tiff;tif;png;wav;mfcribbon-ms</Extensions>
    </Filter>
  </ItemGroup>
  <ItemGroup>
    <ClCompile Include="PagPrincipal.cpp">
      <Filter>Source Files</Filter>
    </ClCompile>
    <ClCompile Include="Login.cpp">
      <Filter>Source Files</Filter>
    </ClCompile>
    <ClCompile Include="CadCateg.cpp">
      <Filter>Source Files</Filter>
    </ClCompile>
    <ClCompile Include="CadNovoUsu.cpp">
      <Filter>Source Files</Filter>
    </ClCompile>
    <ClCompile Include="AltSenha.cpp">
      <Filter>Source Files</Filter>
    </ClCompile>
    <ClCompile Include="InserDespesas.cpp">
      <Filter>Source Files</Filter>
    </ClCompile>
    <ClCompile Include="InserReceitas.cpp">
      <Filter>Source Files</Filter>
    </ClCompile>
    <ClCompile Include="ExibirTudo.cpp">
      <Filter>Source Files</Filter>
    </ClCompile>
    <ClCompile Include="ExDespesaCategoria.cpp">
      <Filter>Source Files</Filter>
    </ClCompile>
    <ClCompile Include="ExDespesaData.cpp">
      <Filter>Source Files</Filter>
    </ClCompile>
    <ClCompile Include="ExReceitaCategoria.cpp">
      <Filter>Source Files</Filter>
    </ClCompile>
    <ClCompile Include="ExReceitaData.cpp">
      <Filter>Source Files</Filter>
    </ClCompile>
    <ClCompile Include="ExReceitaMenosDespesa.cpp">
      <Filter>Source Files</Filter>
    </ClCompile>
    <ClCompile Include="DataBase.cpp">
      <Filter>Source Files</Filter>
    </ClCompile>
  </ItemGroup>
  <ItemGroup>
    <ClInclude Include="PagPrincipal.h">
      <Filter>Header Files</Filter>
    </ClInclude>
    <ClInclude Include="Login.h">
      <Filter>Header Files</Filter>
    </ClInclude>
    <ClInclude Include="CadCateg.h">
      <Filter>Header Files</Filter>
    </ClInclude>
    <ClInclude Include="CadNovoUsu.h">
      <Filter>Header Files</Filter>
    </ClInclude>
    <ClInclude Include="AltSenha.h">
      <Filter>Header Files</Filter>
    </ClInclude>
    <ClInclude Include="InserDespesas.h">
      <Filter>Header Files</Filter>
    </ClInclude>
    <ClInclude Include="InserReceitas.h">
      <Filter>Header Files</Filter>
    </ClInclude>
    <ClInclude Include="ExibirTudo.h">
      <Filter>Header Files</Filter>
    </ClInclude>
    <ClInclude Include="ExDespesaCategoria.h">
      <Filter>Header Files</Filter>
    </ClInclude>
    <ClInclude Include="ExDespesaData.h">
      <Filter>Header Files</Filter>
    </ClInclude>
    <ClInclude Include="ExReceitaCategoria.h">
      <Filter>Header Files</Filter>
    </ClInclude>
    <ClInclude Include="ExReceitaData.h">
      <Filter>Header Files</Filter>
    </ClInclude>
    <ClInclude Include="ExReceitaMenosDespesa.h">
      <Filter>Header Files</Filter>
    </ClInclude>
    <ClInclude Include="DataBase.h">
      <Filter>Header Files</Filter>
    </ClInclude>
  </ItemGroup>
  <ItemGroup>
    <None Include="packages.config" />
  </ItemGroup>
</Project>